
Microsoft Visual Studio Solution File, Format Version 12.00
# Visual Studio Version 17
VisualStudioVersion = 17.7.34202.233
MinimumVisualStudioVersion = 10.0.40219.1
Project("{FAE04EC0-301F-11D3-BF4B-00C04F79EFBC}") = "Consol", "Consol.csproj", "{FA6F2940-2156-4D76-BC3B-0EC5CBC578AF}"
EndProject
Global
	GlobalSection(SolutionConfigurationPlatforms) = preSolution
		Debug|Any CPU = Debug|Any CPU
		Release|Any CPU = Release|Any CPU
	EndGlobalSection
	GlobalSection(ProjectConfigurationPlatforms) = postSolution
		{FA6F2940-2156-4D76-BC3B-0EC5CBC578AF}.Debug|Any CPU.ActiveCfg = Debug|Any CPU
		{FA6F2940-2156-4D76-BC3B-0EC5CBC578AF}.Debug|Any CPU.Build.0 = Debug|Any CPU
		{FA6F2940-2156-4D76-BC3B-0EC5CBC578AF}.Release|Any CPU.ActiveCfg = Release|Any CPU
		{FA6F2940-2156-4D76-BC3B-0EC5CBC578AF}.Release|Any CPU.Build.0 = Release|Any CPU
	EndGlobalSection
	GlobalSection(SolutionProperties) = preSolution
		HideSolutionNode = FALSE
	EndGlobalSection
	GlobalSection(ExtensibilityGlobals) = postSolution
		SolutionGuid = {D2F005BB-50F8-4352-8CC1-24906D28C7DE}
	EndGlobalSection
EndGlobal
